{
	"name": "node-llsd",
	"version": "0.0.5",
	"lockfileVersion": 2,
	"requires": true,
	"packages": {
		"": {
			"name": "node-llsd",
			"version": "0.0.5",
			"license": "MIT",
			"dependencies": {
				"node-expat": "^2.3.4"
			},
			"devDependencies": {
				"tape": "^3.0.3",
				"taper": "^0.3.0"
			}
		},
		"node_modules/bindings": {
			"version": "1.5.0",
			"resolved": "https://registry.npmjs.org/bindings/-/bindings-1.5.0.tgz",
			"integrity": "sha512-p2q/t/mhvuOj/UeLlV6566GD/guowlr0hHxClI0W9m7MWYkL1F0hLo+0Aexs9HSPCtR1SXQ0TD3MMKrXZajbiQ==",
			"dependencies": {
				"file-uri-to-path": "1.0.0"
			}
		},
		"node_modules/bunker": {
			"version": "0.1.2",
			"resolved": "https://registry.npmjs.org/bunker/-/bunker-0.1.2.tgz",
			"integrity": "sha1-yImSRkqOKm7ehpMDdfkrWAd++Xw=",
			"dev": true,
			"dependencies": {
				"burrito": ">=0.2.5 <0.3"
			},
			"engines": {
				"node": "*"
			}
		},
		"node_modules/burrito": {
			"version": "0.2.12",
			"resolved": "https://registry.npmjs.org/burrito/-/burrito-0.2.12.tgz",
			"integrity": "sha1-0NbmrIHV6ZeJxvpKzLCwAx6lT2s=",
			"dev": true,
			"dependencies": {
				"traverse": "~0.5.1",
				"uglify-js": "~1.1.1"
			},
			"engines": {
				"node": ">=0.4.0"
			}
		},
		"node_modules/cli-color": {
			"version": "0.1.7",
			"resolved": "https://registry.npmjs.org/cli-color/-/cli-color-0.1.7.tgz",
			"integrity": "sha1-rcMgD6RxzCEbDaf1ZrcemLnWc0c=",
			"dev": true,
			"dependencies": {
				"es5-ext": "0.8.x"
			},
			"engines": {
				"node": ">=0.1.103"
			}
		},
		"node_modules/commander": {
			"version": "0.5.2",
			"resolved": "https://registry.npmjs.org/commander/-/commander-0.5.2.tgz",
			"integrity": "sha1-8nAyZwmhFaEmz+1WI4UkObjko7U=",
			"dev": true,
			"engines": {
				"node": ">= 0.4.x"
			}
		},
		"node_modules/deep-equal": {
			"version": "0.2.2",
			"resolved": "https://registry.npmjs.org/deep-equal/-/deep-equal-0.2.2.tgz",
			"integrity": "sha1-hLdFiW80xoTpjyzg5Cq69Du6AX0=",
			"dev": true
		},
		"node_modules/defined": {
			"version": "0.0.0",
			"resolved": "https://registry.npmjs.org/defined/-/defined-0.0.0.tgz",
			"integrity": "sha1-817qfXBekzuvE7LwOz+D2SFAOz4=",
			"dev": true
		},
		"node_modules/es5-ext": {
			"version": "0.8.2",
			"resolved": "https://registry.npmjs.org/es5-ext/-/es5-ext-0.8.2.tgz",
			"integrity": "sha1-q6jZ4ZQ6iVrJaDemKjmz9V7NlKs=",
			"dev": true,
			"engines": {
				"node": ">=0.4"
			}
		},
		"node_modules/file-uri-to-path": {
			"version": "1.0.0",
			"resolved": "https://registry.npmjs.org/file-uri-to-path/-/file-uri-to-path-1.0.0.tgz",
			"integrity": "sha512-0Zt+s3L7Vf1biwWZ29aARiVYLx7iMGnEUl9x33fbB/j3jR81u/O2LbqK+Bm1CDSNDKVtJ/YjwY7TUd5SkeLQLw=="
		},
		"node_modules/glob": {
			"version": "3.2.11",
			"resolved": "https://registry.npmjs.org/glob/-/glob-3.2.11.tgz",
			"integrity": "sha1-Spc/Y1uRkPcV0QmH1cAP0oFevj0=",
			"dev": true,
			"dependencies": {
				"inherits": "2",
				"minimatch": "0.3"
			},
			"engines": {
				"node": "*"
			}
		},
		"node_modules/inherits": {
			"version": "2.0.4",
			"resolved": "https://registry.npmjs.org/inherits/-/inherits-2.0.4.tgz",
			"integrity": "sha512-k/vGaX4/Yla3WzyMCvTQOXYeIHvqOKtnqBduzTHpzpQZzAskKMhZ2K+EnBiSM9zGSoIFeMpXKxa4dYeZIQqewQ==",
			"dev": true
		},
		"node_modules/lru-cache": {
			"version": "2.7.3",
			"resolved": "https://registry.npmjs.org/lru-cache/-/lru-cache-2.7.3.tgz",
			"integrity": "sha1-bUUk6LlV+V1PW1iFHOId1y+06VI=",
			"dev": true
		},
		"node_modules/minimatch": {
			"version": "0.3.0",
			"resolved": "https://registry.npmjs.org/minimatch/-/minimatch-0.3.0.tgz",
			"integrity": "sha1-J12O2qxPG7MyZHIInnlJyDlGmd0=",
			"deprecated": "Please update to minimatch 3.0.2 or higher to avoid a RegExp DoS issue",
			"dev": true,
			"dependencies": {
				"lru-cache": "2",
				"sigmund": "~1.0.0"
			},
			"engines": {
				"node": "*"
			}
		},
		"node_modules/nan": {
			"version": "2.15.0",
			"resolved": "https://registry.npmjs.org/nan/-/nan-2.15.0.tgz",
			"integrity": "sha512-8ZtvEnA2c5aYCZYd1cvgdnU6cqwixRoYg70xPLWUws5ORTa/lnw+u4amixRS/Ac5U5mQVgp9pnlSUnbNWFaWZQ=="
		},
		"node_modules/node-expat": {
			"version": "2.4.0",
			"resolved": "https://registry.npmjs.org/node-expat/-/node-expat-2.4.0.tgz",
			"integrity": "sha512-X8Y/Zk/izfNgfayeOeUGqze7KlaOwVJ9SDTjHUMKd0hu0aFTRpLlLCBwmx79cTPiQWD24I1YOafF+U+rTvEMfQ==",
			"hasInstallScript": true,
			"dependencies": {
				"bindings": "^1.5.0",
				"nan": "^2.13.2"
			}
		},
		"node_modules/object-inspect": {
			"version": "0.4.0",
			"resolved": "https://registry.npmjs.org/object-inspect/-/object-inspect-0.4.0.tgz",
			"integrity": "sha1-9RV8EWwUVbJDsG7pdwM5LFrYn+w=",
			"dev": true
		},
		"node_modules/resumer": {
			"version": "0.0.0",
			"resolved": "https://registry.npmjs.org/resumer/-/resumer-0.0.0.tgz",
			"integrity": "sha1-8ej0YeQGS6Oegq883CqMiT0HZ1k=",
			"dev": true,
			"dependencies": {
				"through": "~2.3.4"
			}
		},
		"node_modules/runforcover": {
			"version": "0.0.2",
			"resolved": "https://registry.npmjs.org/runforcover/-/runforcover-0.0.2.tgz",
			"integrity": "sha1-NE8FfY1F0zrrxsyCIEZ49pxIV8w=",
			"dev": true,
			"dependencies": {
				"bunker": "0.1.X"
			},
			"engines": {
				"node": "*"
			}
		},
		"node_modules/sigmund": {
			"version": "1.0.1",
			"resolved": "https://registry.npmjs.org/sigmund/-/sigmund-1.0.1.tgz",
			"integrity": "sha1-P/IfGYytIXX587eBhT/ZTQ0ZtZA=",
			"dev": true
		},
		"node_modules/slide": {
			"version": "1.1.6",
			"resolved": "https://registry.npmjs.org/slide/-/slide-1.1.6.tgz",
			"integrity": "sha1-VusCfWW00tzmyy4tMsTUr8nh1wc=",
			"dev": true,
			"engines": {
				"node": "*"
			}
		},
		"node_modules/sprintf": {
			"version": "0.1.5",
			"resolved": "https://registry.npmjs.org/sprintf/-/sprintf-0.1.5.tgz",
			"integrity": "sha1-j4PjmpMXwaUCy324BQ5Rxnn27c8=",
			"deprecated": "The sprintf package is deprecated in favor of sprintf-js.",
			"dev": true,
			"engines": {
				"node": ">=0.2.4"
			}
		},
		"node_modules/tap": {
			"version": "0.1.4",
			"resolved": "https://registry.npmjs.org/tap/-/tap-0.1.4.tgz",
			"integrity": "sha1-TA6o9banaGIcOODeLX81i8RUqLg=",
			"bundleDependencies": [
				"inherits",
				"tap-consumer",
				"yamlish"
			],
			"dev": true,
			"dependencies": {
				"inherits": "*",
				"runforcover": "~0.0.2",
				"slide": "*",
				"yamlish": "*"
			},
			"bin": {
				"tap": "bin/tap.js"
			},
			"engines": {
				"node": "*"
			}
		},
		"node_modules/tap/node_modules/inherits": {
			"version": "1.0.0",
			"dev": true,
			"inBundle": true,
			"license": "GPOL"
		},
		"node_modules/tap/node_modules/yamlish": {
			"version": "0.0.2",
			"dev": true,
			"inBundle": true,
			"license": "MIT"
		},
		"node_modules/tape": {
			"version": "3.6.1",
			"resolved": "https://registry.npmjs.org/tape/-/tape-3.6.1.tgz",
			"integrity": "sha1-SJPdU+KApfWMDOswwsDrs7zVHh8=",
			"dev": true,
			"dependencies": {
				"deep-equal": "~0.2.0",
				"defined": "~0.0.0",
				"glob": "~3.2.9",
				"inherits": "~2.0.1",
				"object-inspect": "~0.4.0",
				"resumer": "~0.0.0",
				"through": "~2.3.4"
			},
			"bin": {
				"tape": "bin/tape"
			}
		},
		"node_modules/taper": {
			"version": "0.3.0",
			"resolved": "https://registry.npmjs.org/taper/-/taper-0.3.0.tgz",
			"integrity": "sha1-SZ1+Grg4p8XDRHVUQ0GfrKaf690=",
			"dev": true,
			"dependencies": {
				"cli-color": "~0.1.4",
				"commander": "~0.5.0",
				"inherits": "~1.0.0",
				"slide": "~1.1.3",
				"sprintf": "~0.1.1",
				"tap": "~0.1.2",
				"yamlish": "~0.0.2"
			},
			"bin": {
				"taper": "bin/taper.js"
			},
			"engines": {
				"node": "*"
			}
		},
		"node_modules/taper/node_modules/inherits": {
			"version": "1.0.2",
			"resolved": "https://registry.npmjs.org/inherits/-/inherits-1.0.2.tgz",
			"integrity": "sha1-ykMJ2t7mtUzAuNJH6NfHoJdb3Js=",
			"dev": true
		},
		"node_modules/through": {
			"version": "2.3.8",
			"resolved": "https://registry.npmjs.org/through/-/through-2.3.8.tgz",
			"integrity": "sha1-DdTJ/6q8NXlgsbckEV1+Doai4fU=",
			"dev": true
		},
		"node_modules/traverse": {
			"version": "0.5.2",
			"resolved": "https://registry.npmjs.org/traverse/-/traverse-0.5.2.tgz",
			"integrity": "sha1-4gPFjV9/DjfbbnTArLkpuwm2HYU=",
			"dev": true,
			"engines": {
				"node": "*"
			}
		},
		"node_modules/uglify-js": {
			"version": "1.1.1",
			"resolved": "https://registry.npmjs.org/uglify-js/-/uglify-js-1.1.1.tgz",
			"integrity": "sha1-7nGpfEzv0GoamyBDfzQRiYKqA1s=",
			"dev": true,
			"bin": {
				"uglifyjs": "bin/uglifyjs"
			},
			"engines": {
				"node": "*"
			}
		},
		"node_modules/yamlish": {
			"version": "0.0.7",
			"resolved": "https://registry.npmjs.org/yamlish/-/yamlish-0.0.7.tgz",
			"integrity": "sha1-tK+aHcxjYYhzw9bkUewyE8OaV/s=",
			"dev": true
		}
	},
	"dependencies": {
		"bindings": {
			"version": "1.5.0",
			"resolved": "https://registry.npmjs.org/bindings/-/bindings-1.5.0.tgz",
			"integrity": "sha512-p2q/t/mhvuOj/UeLlV6566GD/guowlr0hHxClI0W9m7MWYkL1F0hLo+0Aexs9HSPCtR1SXQ0TD3MMKrXZajbiQ==",
			"requires": {
				"file-uri-to-path": "1.0.0"
			}
		},
		"bunker": {
			"version": "0.1.2",
			"resolved": "https://registry.npmjs.org/bunker/-/bunker-0.1.2.tgz",
			"integrity": "sha1-yImSRkqOKm7ehpMDdfkrWAd++Xw=",
			"dev": true,
			"requires": {
				"burrito": ">=0.2.5 <0.3"
			}
		},
		"burrito": {
			"version": "0.2.12",
			"resolved": "https://registry.npmjs.org/burrito/-/burrito-0.2.12.tgz",
			"integrity": "sha1-0NbmrIHV6ZeJxvpKzLCwAx6lT2s=",
			"dev": true,
			"requires": {
				"traverse": "~0.5.1",
				"uglify-js": "~1.1.1"
			}
		},
		"cli-color": {
			"version": "0.1.7",
			"resolved": "https://registry.npmjs.org/cli-color/-/cli-color-0.1.7.tgz",
			"integrity": "sha1-rcMgD6RxzCEbDaf1ZrcemLnWc0c=",
			"dev": true,
			"requires": {
				"es5-ext": "0.8.x"
			}
		},
		"commander": {
			"version": "0.5.2",
			"resolved": "https://registry.npmjs.org/commander/-/commander-0.5.2.tgz",
			"integrity": "sha1-8nAyZwmhFaEmz+1WI4UkObjko7U=",
			"dev": true
		},
		"deep-equal": {
			"version": "0.2.2",
			"resolved": "https://registry.npmjs.org/deep-equal/-/deep-equal-0.2.2.tgz",
			"integrity": "sha1-hLdFiW80xoTpjyzg5Cq69Du6AX0=",
			"dev": true
		},
		"defined": {
			"version": "0.0.0",
			"resolved": "https://registry.npmjs.org/defined/-/defined-0.0.0.tgz",
			"integrity": "sha1-817qfXBekzuvE7LwOz+D2SFAOz4=",
			"dev": true
		},
		"es5-ext": {
			"version": "0.8.2",
			"resolved": "https://registry.npmjs.org/es5-ext/-/es5-ext-0.8.2.tgz",
			"integrity": "sha1-q6jZ4ZQ6iVrJaDemKjmz9V7NlKs=",
			"dev": true
		},
		"file-uri-to-path": {
			"version": "1.0.0",
			"resolved": "https://registry.npmjs.org/file-uri-to-path/-/file-uri-to-path-1.0.0.tgz",
			"integrity": "sha512-0Zt+s3L7Vf1biwWZ29aARiVYLx7iMGnEUl9x33fbB/j3jR81u/O2LbqK+Bm1CDSNDKVtJ/YjwY7TUd5SkeLQLw=="
		},
		"glob": {
			"version": "3.2.11",
			"resolved": "https://registry.npmjs.org/glob/-/glob-3.2.11.tgz",
			"integrity": "sha1-Spc/Y1uRkPcV0QmH1cAP0oFevj0=",
			"dev": true,
			"requires": {
				"inherits": "2",
				"minimatch": "0.3"
			}
		},
		"inherits": {
			"version": "2.0.4",
			"resolved": "https://registry.npmjs.org/inherits/-/inherits-2.0.4.tgz",
			"integrity": "sha512-k/vGaX4/Yla3WzyMCvTQOXYeIHvqOKtnqBduzTHpzpQZzAskKMhZ2K+EnBiSM9zGSoIFeMpXKxa4dYeZIQqewQ==",
			"dev": true
		},
		"lru-cache": {
			"version": "2.7.3",
			"resolved": "https://registry.npmjs.org/lru-cache/-/lru-cache-2.7.3.tgz",
			"integrity": "sha1-bUUk6LlV+V1PW1iFHOId1y+06VI=",
			"dev": true
		},
		"minimatch": {
			"version": "0.3.0",
			"resolved": "https://registry.npmjs.org/minimatch/-/minimatch-0.3.0.tgz",
			"integrity": "sha1-J12O2qxPG7MyZHIInnlJyDlGmd0=",
			"dev": true,
			"requires": {
				"lru-cache": "2",
				"sigmund": "~1.0.0"
			}
		},
		"nan": {
			"version": "2.15.0",
			"resolved": "https://registry.npmjs.org/nan/-/nan-2.15.0.tgz",
			"integrity": "sha512-8ZtvEnA2c5aYCZYd1cvgdnU6cqwixRoYg70xPLWUws5ORTa/lnw+u4amixRS/Ac5U5mQVgp9pnlSUnbNWFaWZQ=="
		},
		"node-expat": {
			"version": "2.4.0",
			"resolved": "https://registry.npmjs.org/node-expat/-/node-expat-2.4.0.tgz",
			"integrity": "sha512-X8Y/Zk/izfNgfayeOeUGqze7KlaOwVJ9SDTjHUMKd0hu0aFTRpLlLCBwmx79cTPiQWD24I1YOafF+U+rTvEMfQ==",
			"requires": {
				"bindings": "^1.5.0",
				"nan": "^2.13.2"
			}
		},
		"object-inspect": {
			"version": "0.4.0",
			"resolved": "https://registry.npmjs.org/object-inspect/-/object-inspect-0.4.0.tgz",
			"integrity": "sha1-9RV8EWwUVbJDsG7pdwM5LFrYn+w=",
			"dev": true
		},
		"resumer": {
			"version": "0.0.0",
			"resolved": "https://registry.npmjs.org/resumer/-/resumer-0.0.0.tgz",
			"integrity": "sha1-8ej0YeQGS6Oegq883CqMiT0HZ1k=",
			"dev": true,
			"requires": {
				"through": "~2.3.4"
			}
		},
		"runforcover": {
			"version": "0.0.2",
			"resolved": "https://registry.npmjs.org/runforcover/-/runforcover-0.0.2.tgz",
			"integrity": "sha1-NE8FfY1F0zrrxsyCIEZ49pxIV8w=",
			"dev": true,
			"requires": {
				"bunker": "0.1.X"
			}
		},
		"sigmund": {
			"version": "1.0.1",
			"resolved": "https://registry.npmjs.org/sigmund/-/sigmund-1.0.1.tgz",
			"integrity": "sha1-P/IfGYytIXX587eBhT/ZTQ0ZtZA=",
			"dev": true
		},
		"slide": {
			"version": "1.1.6",
			"resolved": "https://registry.npmjs.org/slide/-/slide-1.1.6.tgz",
			"integrity": "sha1-VusCfWW00tzmyy4tMsTUr8nh1wc=",
			"dev": true
		},
		"sprintf": {
			"version": "0.1.5",
			"resolved": "https://registry.npmjs.org/sprintf/-/sprintf-0.1.5.tgz",
			"integrity": "sha1-j4PjmpMXwaUCy324BQ5Rxnn27c8=",
			"dev": true
		},
		"tap": {
			"version": "0.1.4",
			"resolved": "https://registry.npmjs.org/tap/-/tap-0.1.4.tgz",
			"integrity": "sha1-TA6o9banaGIcOODeLX81i8RUqLg=",
			"dev": true,
			"requires": {
				"inherits": "*",
				"runforcover": "~0.0.2",
				"slide": "*",
				"yamlish": "*"
			},
			"dependencies": {
				"inherits": {
					"version": "1.0.0",
					"bundled": true,
					"dev": true
				},
				"yamlish": {
					"version": "0.0.2",
					"bundled": true,
					"dev": true
				}
			}
		},
		"tape": {
			"version": "3.6.1",
			"resolved": "https://registry.npmjs.org/tape/-/tape-3.6.1.tgz",
			"integrity": "sha1-SJPdU+KApfWMDOswwsDrs7zVHh8=",
			"dev": true,
			"requires": {
				"deep-equal": "~0.2.0",
				"defined": "~0.0.0",
				"glob": "~3.2.9",
				"inherits": "~2.0.1",
				"object-inspect": "~0.4.0",
				"resumer": "~0.0.0",
				"through": "~2.3.4"
			}
		},
		"taper": {
			"version": "0.3.0",
			"resolved": "https://registry.npmjs.org/taper/-/taper-0.3.0.tgz",
			"integrity": "sha1-SZ1+Grg4p8XDRHVUQ0GfrKaf690=",
			"dev": true,
			"requires": {
				"cli-color": "~0.1.4",
				"commander": "~0.5.0",
				"inherits": "~1.0.0",
				"slide": "~1.1.3",
				"sprintf": "~0.1.1",
				"tap": "~0.1.2",
				"yamlish": "~0.0.2"
			},
			"dependencies": {
				"inherits": {
					"version": "1.0.2",
					"resolved": "https://registry.npmjs.org/inherits/-/inherits-1.0.2.tgz",
					"integrity": "sha1-ykMJ2t7mtUzAuNJH6NfHoJdb3Js=",
					"dev": true
				}
			}
		},
		"through": {
			"version": "2.3.8",
			"resolved": "https://registry.npmjs.org/through/-/through-2.3.8.tgz",
			"integrity": "sha1-DdTJ/6q8NXlgsbckEV1+Doai4fU=",
			"dev": true
		},
		"traverse": {
			"version": "0.5.2",
			"resolved": "https://registry.npmjs.org/traverse/-/traverse-0.5.2.tgz",
			"integrity": "sha1-4gPFjV9/DjfbbnTArLkpuwm2HYU=",
			"dev": true
		},
		"uglify-js": {
			"version": "1.1.1",
			"resolved": "https://registry.npmjs.org/uglify-js/-/uglify-js-1.1.1.tgz",
			"integrity": "sha1-7nGpfEzv0GoamyBDfzQRiYKqA1s=",
			"dev": true
		},
		"yamlish": {
			"version": "0.0.7",
			"resolved": "https://registry.npmjs.org/yamlish/-/yamlish-0.0.7.tgz",
			"integrity": "sha1-tK+aHcxjYYhzw9bkUewyE8OaV/s=",
			"dev": true
		}
	}
}
